
Microsoft Visual Studio Solution File, Format Version 12.00
# Visual Studio Version 17
VisualStudioVersion = 17.4.33205.214
MinimumVisualStudioVersion = 10.0.40219.1
Project("{FAE04EC0-301F-11D3-BF4B-00C04F79EFBC}") = "michieloppenheimer_io.web", "michieloppenheimer_io.web\michieloppenheimer_io.web.csproj", "{5924F346-7181-461E-8739-CCF10143008B}"
EndProject
Global
	GlobalSection(SolutionConfigurationPlatforms) = preSolution
		Debug|Any CPU = Debug|Any CPU
		Release|Any CPU = Release|Any CPU
	EndGlobalSection
	GlobalSection(ProjectConfigurationPlatforms) = postSolution
		{5924F346-7181-461E-8739-CCF10143008B}.Debug|Any CPU.ActiveCfg = Debug|Any CPU
		{5924F346-7181-461E-8739-CCF10143008B}.Debug|Any CPU.Build.0 = Debug|Any CPU
		{5924F346-7181-461E-8739-CCF10143008B}.Release|Any CPU.ActiveCfg = Release|Any CPU
		{5924F346-7181-461E-8739-CCF10143008B}.Release|Any CPU.Build.0 = Release|Any CPU
	EndGlobalSection
	GlobalSection(SolutionProperties) = preSolution
		HideSolutionNode = FALSE
	EndGlobalSection
	GlobalSection(ExtensibilityGlobals) = postSolution
		SolutionGuid = {DD1B9FAC-9669-40B2-A14F-BAC65BC56248}
	EndGlobalSection
EndGlobal
