
Microsoft Visual Studio Solution File, Format Version 12.00
# Visual Studio Version 17
VisualStudioVersion = 17.4.33205.214
MinimumVisualStudioVersion = 10.0.40219.1
Project("{9A19103F-16F7-4668-BE54-9A1E7A4F7556}") = "michieloppenheimer_io.web", "michieloppenheimer_io.web\michieloppenheimer_io.web.csproj", "{5924F346-7181-461E-8739-CCF10143008B}"
EndProject
Project("{9A19103F-16F7-4668-BE54-9A1E7A4F7556}") = "MO.Core", "MO.Core\MO.Core.csproj", "{4637AD18-EC0C-4A46-9D3E-F2C865ECCC54}"
EndProject
Project("{9A19103F-16F7-4668-BE54-9A1E7A4F7556}") = "MO.DataStore.EFCore", "MO.DataStore.EFCore\MO.DataStore.EFCore.csproj", "{0406BC66-45E3-4353-A907-95C6021D3730}"
EndProject
Project("{9A19103F-16F7-4668-BE54-9A1E7A4F7556}") = "MO.UseCases", "MO.UseCases\MO.UseCases.csproj", "{224B3DAA-14F4-49E6-ABCA-1813ABD726F2}"
EndProject
Project("{FAE04EC0-301F-11D3-BF4B-00C04F79EFBC}") = "MO.Web", "MO.Web\MO.Web.csproj", "{75CD23CD-71BE-4DC8-97BB-8A7452D39DAE}"
EndProject
Global
	GlobalSection(SolutionConfigurationPlatforms) = preSolution
		Debug|Any CPU = Debug|Any CPU
		Release|Any CPU = Release|Any CPU
	EndGlobalSection
	GlobalSection(ProjectConfigurationPlatforms) = postSolution
		{5924F346-7181-461E-8739-CCF10143008B}.Debug|Any CPU.ActiveCfg = Debug|Any CPU
		{5924F346-7181-461E-8739-CCF10143008B}.Debug|Any CPU.Build.0 = Debug|Any CPU
		{5924F346-7181-461E-8739-CCF10143008B}.Release|Any CPU.ActiveCfg = Release|Any CPU
		{5924F346-7181-461E-8739-CCF10143008B}.Release|Any CPU.Build.0 = Release|Any CPU
		{4637AD18-EC0C-4A46-9D3E-F2C865ECCC54}.Debug|Any CPU.ActiveCfg = Debug|Any CPU
		{4637AD18-EC0C-4A46-9D3E-F2C865ECCC54}.Debug|Any CPU.Build.0 = Debug|Any CPU
		{4637AD18-EC0C-4A46-9D3E-F2C865ECCC54}.Release|Any CPU.ActiveCfg = Release|Any CPU
		{4637AD18-EC0C-4A46-9D3E-F2C865ECCC54}.Release|Any CPU.Build.0 = Release|Any CPU
		{0406BC66-45E3-4353-A907-95C6021D3730}.Debug|Any CPU.ActiveCfg = Debug|Any CPU
		{0406BC66-45E3-4353-A907-95C6021D3730}.Debug|Any CPU.Build.0 = Debug|Any CPU
		{0406BC66-45E3-4353-A907-95C6021D3730}.Release|Any CPU.ActiveCfg = Release|Any CPU
		{0406BC66-45E3-4353-A907-95C6021D3730}.Release|Any CPU.Build.0 = Release|Any CPU
		{224B3DAA-14F4-49E6-ABCA-1813ABD726F2}.Debug|Any CPU.ActiveCfg = Debug|Any CPU
		{224B3DAA-14F4-49E6-ABCA-1813ABD726F2}.Debug|Any CPU.Build.0 = Debug|Any CPU
		{224B3DAA-14F4-49E6-ABCA-1813ABD726F2}.Release|Any CPU.ActiveCfg = Release|Any CPU
		{224B3DAA-14F4-49E6-ABCA-1813ABD726F2}.Release|Any CPU.Build.0 = Release|Any CPU
		{75CD23CD-71BE-4DC8-97BB-8A7452D39DAE}.Debug|Any CPU.ActiveCfg = Debug|Any CPU
		{75CD23CD-71BE-4DC8-97BB-8A7452D39DAE}.Debug|Any CPU.Build.0 = Debug|Any CPU
		{75CD23CD-71BE-4DC8-97BB-8A7452D39DAE}.Release|Any CPU.ActiveCfg = Release|Any CPU
		{75CD23CD-71BE-4DC8-97BB-8A7452D39DAE}.Release|Any CPU.Build.0 = Release|Any CPU
	EndGlobalSection
	GlobalSection(SolutionProperties) = preSolution
		HideSolutionNode = FALSE
	EndGlobalSection
	GlobalSection(ExtensibilityGlobals) = postSolution
		SolutionGuid = {DD1B9FAC-9669-40B2-A14F-BAC65BC56248}
	EndGlobalSection
EndGlobal
